
Microsoft Visual Studio Solution File, Format Version 12.00
# Visual Studio Version 17
VisualStudioVersion = 17.8.34511.84
MinimumVisualStudioVersion = 10.0.40219.1
Project("{9A19103F-16F7-4668-BE54-9A1E7A4F7556}") = "KudosDash", "KudosDash\KudosDash.csproj", "{53171BE6-7BE0-44A4-9956-E832088A3B9B}"
EndProject
Project("{9A19103F-16F7-4668-BE54-9A1E7A4F7556}") = "KudosDash.Tests", "KudosDash.Tests\KudosDash.Tests.csproj", "{F6187C8F-4CA0-4F6A-A8D8-01AD281A929E}"
EndProject
Global
	GlobalSection(SolutionConfigurationPlatforms) = preSolution
		Debug|Any CPU = Debug|Any CPU
		Release|Any CPU = Release|Any CPU
	EndGlobalSection
	GlobalSection(ProjectConfigurationPlatforms) = postSolution
		{53171BE6-7BE0-44A4-9956-E832088A3B9B}.Debug|Any CPU.ActiveCfg = Debug|Any CPU
		{53171BE6-7BE0-44A4-9956-E832088A3B9B}.Debug|Any CPU.Build.0 = Debug|Any CPU
		{53171BE6-7BE0-44A4-9956-E832088A3B9B}.Release|Any CPU.ActiveCfg = Release|Any CPU
		{53171BE6-7BE0-44A4-9956-E832088A3B9B}.Release|Any CPU.Build.0 = Release|Any CPU
		{F6187C8F-4CA0-4F6A-A8D8-01AD281A929E}.Debug|Any CPU.ActiveCfg = Debug|Any CPU
		{F6187C8F-4CA0-4F6A-A8D8-01AD281A929E}.Debug|Any CPU.Build.0 = Debug|Any CPU
		{F6187C8F-4CA0-4F6A-A8D8-01AD281A929E}.Release|Any CPU.ActiveCfg = Release|Any CPU
		{F6187C8F-4CA0-4F6A-A8D8-01AD281A929E}.Release|Any CPU.Build.0 = Release|Any CPU
	EndGlobalSection
	GlobalSection(SolutionProperties) = preSolution
		HideSolutionNode = FALSE
	EndGlobalSection
	GlobalSection(ExtensibilityGlobals) = postSolution
		SolutionGuid = {0C0A6B26-10B5-4222-938A-06B6026D1EE0}
	EndGlobalSection
EndGlobal
